{
  "name": "build-a-space",
  "version": "1.0.0",
  "lockfileVersion": 1,
  "requires": true,
  "dependencies": {
    "any-promise": {
      "version": "1.3.0",
      "resolved": "https://registry.npmjs.org/any-promise/-/any-promise-1.3.0.tgz",
      "integrity": "sha1-q8av7tzqUugJzcA3au0845Y10X8="
    },
    "array-find-index": {
      "version": "1.0.2",
      "resolved": "https://registry.npmjs.org/array-find-index/-/array-find-index-1.0.2.tgz",
      "integrity": "sha1-3wEKoSh+Fku9pvlyOwqWoexBh6E="
    },
    "atob": {
      "version": "2.0.3",
      "resolved": "https://registry.npmjs.org/atob/-/atob-2.0.3.tgz",
      "integrity": "sha1-GcenYEc3dEaPILLS0DNyrX1Mv10="
    },
    "axios": {
      "version": "0.17.1",
      "resolved": "https://registry.npmjs.org/axios/-/axios-0.17.1.tgz",
      "integrity": "sha1-LY4+XQvb1zJ/kbyBT1xXZg+Bgk0=",
      "requires": {
        "follow-redirects": "1.2.5",
        "is-buffer": "1.1.6"
      }
    },
    "bail": {
      "version": "1.0.2",
      "resolved": "https://registry.npmjs.org/bail/-/bail-1.0.2.tgz",
      "integrity": "sha1-99bBcxYwqfnw1NNe0fli4gdKF2Q="
    },
    "btoa": {
      "version": "1.1.2",
      "resolved": "https://registry.npmjs.org/btoa/-/btoa-1.1.2.tgz",
      "integrity": "sha1-PkC4FmP4HS3WWWpMtxSo3BbPq+A="
    },
    "builtin-modules": {
      "version": "1.1.1",
      "resolved": "https://registry.npmjs.org/builtin-modules/-/builtin-modules-1.1.1.tgz",
      "integrity": "sha1-Jw8HbFpywC9bZaR9+Uxf46J4iS8="
    },
    "camelcase": {
      "version": "2.1.1",
      "resolved": "https://registry.npmjs.org/camelcase/-/camelcase-2.1.1.tgz",
      "integrity": "sha1-fB0W1nmhu+WcoCys7PsBHiAfWh8="
    },
    "camelcase-keys": {
      "version": "2.1.0",
      "resolved": "https://registry.npmjs.org/camelcase-keys/-/camelcase-keys-2.1.0.tgz",
      "integrity": "sha1-MIvur/3ygRkFHvodkyITyRuPkuc=",
      "requires": {
        "camelcase": "2.1.1",
        "map-obj": "1.0.1"
      }
    },
    "character-entities": {
      "version": "1.2.1",
      "resolved": "https://registry.npmjs.org/character-entities/-/character-entities-1.2.1.tgz",
      "integrity": "sha1-92hxvl72bdt/j440eOzDdMJ9bco="
    },
    "character-entities-legacy": {
      "version": "1.1.1",
      "resolved": "https://registry.npmjs.org/character-entities-legacy/-/character-entities-legacy-1.1.1.tgz",
      "integrity": "sha1-9Ad53xoQGHK7UQo9KV4fzPFHIC8="
    },
    "character-reference-invalid": {
      "version": "1.1.1",
      "resolved": "https://registry.npmjs.org/character-reference-invalid/-/character-reference-invalid-1.1.1.tgz",
      "integrity": "sha1-lCg191Dk7GGjCOYMLvjMEBEgLvw="
    },
    "cli-color": {
      "version": "0.1.7",
      "resolved": "https://registry.npmjs.org/cli-color/-/cli-color-0.1.7.tgz",
      "integrity": "sha1-rcMgD6RxzCEbDaf1ZrcemLnWc0c=",
      "requires": {
        "es5-ext": "0.8.2"
      }
    },
    "collapse-white-space": {
      "version": "1.0.3",
      "resolved": "https://registry.npmjs.org/collapse-white-space/-/collapse-white-space-1.0.3.tgz",
      "integrity": "sha1-S5BvZw5aljqHt2sOFolkM0G2Ajw="
    },
    "currently-unhandled": {
      "version": "0.4.1",
      "resolved": "https://registry.npmjs.org/currently-unhandled/-/currently-unhandled-0.4.1.tgz",
      "integrity": "sha1-mI3zP+qxke95mmE2nddsF635V+o=",
      "requires": {
        "array-find-index": "1.0.2"
      }
    },
    "debug": {
      "version": "2.6.9",
      "resolved": "https://registry.npmjs.org/debug/-/debug-2.6.9.tgz",
      "integrity": "sha512-bC7ElrdJaJnPbAP+1EotYvqZsb3ecl5wi6Bfi6BJTUcNowp6cvspg0jXznRTKDjm/E7AdgFBVeAPVMNcKGsHMA==",
      "requires": {
        "ms": "2.0.0"
      }
    },
    "decamelize": {
      "version": "1.2.0",
      "resolved": "https://registry.npmjs.org/decamelize/-/decamelize-1.2.0.tgz",
      "integrity": "sha1-9lNNFRSCabIDUue+4m9QH5oZEpA="
    },
    "deep-equal": {
      "version": "1.0.1",
      "resolved": "https://registry.npmjs.org/deep-equal/-/deep-equal-1.0.1.tgz",
      "integrity": "sha1-9dJgKStmDghO/0zbyfCK0yR0SLU="
    },
    "difflib": {
      "version": "0.2.4",
      "resolved": "https://registry.npmjs.org/difflib/-/difflib-0.2.4.tgz",
      "integrity": "sha1-teMDYabbAjF21WKJLbhZQKcY9H4=",
      "requires": {
        "heap": "0.2.6"
      }
    },
    "dreamopt": {
      "version": "0.6.0",
      "resolved": "https://registry.npmjs.org/dreamopt/-/dreamopt-0.6.0.tgz",
      "integrity": "sha1-2BPM2sjTnYrVJndVFKE92mZNa0s=",
      "requires": {
        "wordwrap": "1.0.0"
      }
    },
    "error-ex": {
      "version": "1.3.1",
      "resolved": "https://registry.npmjs.org/error-ex/-/error-ex-1.3.1.tgz",
      "integrity": "sha1-+FWobOYa3E6GIcPNoh56dhLDqNw=",
      "requires": {
        "is-arrayish": "0.2.1"
      }
    },
    "es5-ext": {
      "version": "0.8.2",
      "resolved": "https://registry.npmjs.org/es5-ext/-/es5-ext-0.8.2.tgz",
      "integrity": "sha1-q6jZ4ZQ6iVrJaDemKjmz9V7NlKs="
    },
    "extend": {
      "version": "3.0.1",
      "resolved": "https://registry.npmjs.org/extend/-/extend-3.0.1.tgz",
      "integrity": "sha1-p1Xqe8Gt/MWjHOfnYtuq3F5jZEQ="
    },
    "find-up": {
      "version": "1.1.2",
      "resolved": "https://registry.npmjs.org/find-up/-/find-up-1.1.2.tgz",
      "integrity": "sha1-ay6YIrGizgpgq2TWEOzK1TyyTQ8=",
      "requires": {
        "path-exists": "2.1.0",
        "pinkie-promise": "2.0.1"
      }
    },
    "follow-redirects": {
      "version": "1.2.5",
      "resolved": "https://registry.npmjs.org/follow-redirects/-/follow-redirects-1.2.5.tgz",
      "integrity": "sha512-lMhwQTryFbG+wYsAIEKC1Kf5IGDlVNnONRogIBllh7LLoV7pNIxW0z9fhjRar9NBql+hd2Y49KboVVNxf6GEfg==",
      "requires": {
        "debug": "2.6.9"
      }
    },
    "get-stdin": {
      "version": "4.0.1",
      "resolved": "https://registry.npmjs.org/get-stdin/-/get-stdin-4.0.1.tgz",
      "integrity": "sha1-uWjGsKBDhDJJAui/Gl3zJXmkUP4="
    },
    "git-remote-origin-url": {
      "version": "2.0.0",
      "resolved": "https://registry.npmjs.org/git-remote-origin-url/-/git-remote-origin-url-2.0.0.tgz",
      "integrity": "sha1-UoJlna4hBxRaERJhEq0yFuxfpl8=",
      "requires": {
        "gitconfiglocal": "1.0.0",
        "pify": "2.3.0"
      }
    },
    "git-remote-upstream-url": {
      "version": "2.0.0",
      "resolved": "https://registry.npmjs.org/git-remote-upstream-url/-/git-remote-upstream-url-2.0.0.tgz",
      "integrity": "sha1-0CZ5ZJ59iJhrU13vxz+4d5m4u5g=",
      "requires": {
        "gitconfiglocal": "1.0.0",
        "pify": "2.3.0"
      }
    },
    "gitconfiglocal": {
      "version": "1.0.0",
      "resolved": "https://registry.npmjs.org/gitconfiglocal/-/gitconfiglocal-1.0.0.tgz",
      "integrity": "sha1-QdBF84UaXqiPA/JMocYXgRRGS5s=",
      "requires": {
        "ini": "1.3.4"
      }
    },
    "graceful-fs": {
      "version": "4.1.11",
      "resolved": "https://registry.npmjs.org/graceful-fs/-/graceful-fs-4.1.11.tgz",
      "integrity": "sha1-Dovf5NHduIVNZOBOp8AOKgJuVlg="
    },
    "heap": {
      "version": "0.2.6",
      "resolved": "https://registry.npmjs.org/heap/-/heap-0.2.6.tgz",
      "integrity": "sha1-CH4fELBGky/IWU3Z5tN4r8nR5aw="
    },
    "hosted-git-info": {
      "version": "2.5.0",
      "resolved": "https://registry.npmjs.org/hosted-git-info/-/hosted-git-info-2.5.0.tgz",
      "integrity": "sha512-pNgbURSuab90KbTqvRPsseaTxOJCZBD0a7t+haSN33piP9cCM4l0CqdzAif2hUqm716UovKB2ROmiabGAKVXyg=="
    },
    "indent-string": {
      "version": "2.1.0",
      "resolved": "https://registry.npmjs.org/indent-string/-/indent-string-2.1.0.tgz",
      "integrity": "sha1-ji1INIdCEhtKghi3oTfppSBJ3IA=",
      "requires": {
        "repeating": "2.0.1"
      }
    },
    "inherits": {
      "version": "2.0.3",
      "resolved": "https://registry.npmjs.org/inherits/-/inherits-2.0.3.tgz",
      "integrity": "sha1-Yzwsg+PaQqUC9SRmAiSA9CCCYd4="
    },
    "ini": {
      "version": "1.3.4",
      "resolved": "https://registry.npmjs.org/ini/-/ini-1.3.4.tgz",
      "integrity": "sha1-BTfLedr1m1mhpRff9wbIbsA5Fi4="
    },
    "is-alphabetical": {
      "version": "1.0.1",
      "resolved": "https://registry.npmjs.org/is-alphabetical/-/is-alphabetical-1.0.1.tgz",
      "integrity": "sha1-x3B5zJHU76x3W+EDS/LSQ/lebwg="
    },
    "is-alphanumerical": {
      "version": "1.0.1",
      "resolved": "https://registry.npmjs.org/is-alphanumerical/-/is-alphanumerical-1.0.1.tgz",
      "integrity": "sha1-37SqTRCF4zvbYcLe6cgOnGwZ9Ts=",
      "requires": {
        "is-alphabetical": "1.0.1",
        "is-decimal": "1.0.1"
      }
    },
    "is-arrayish": {
      "version": "0.2.1",
      "resolved": "https://registry.npmjs.org/is-arrayish/-/is-arrayish-0.2.1.tgz",
      "integrity": "sha1-d8mYQFJ6qOyxqLppe4BkWnqSap0="
    },
    "is-buffer": {
      "version": "1.1.6",
      "resolved": "https://registry.npmjs.org/is-buffer/-/is-buffer-1.1.6.tgz",
      "integrity": "sha512-NcdALwpXkTm5Zvvbk7owOUSvVvBKDgKP5/ewfXEznmQFfs4ZRmanOeKBTjRVjka3QFoN6XJ+9F3USqfHqTaU5w=="
    },
    "is-builtin-module": {
      "version": "1.0.0",
      "resolved": "https://registry.npmjs.org/is-builtin-module/-/is-builtin-module-1.0.0.tgz",
      "integrity": "sha1-VAVy0096wxGfj3bDDLwbHgN6/74=",
      "requires": {
        "builtin-modules": "1.1.1"
      }
    },
    "is-decimal": {
      "version": "1.0.1",
      "resolved": "https://registry.npmjs.org/is-decimal/-/is-decimal-1.0.1.tgz",
      "integrity": "sha1-9ftqlJlq2ejjdh+/vQkfH8qMToI="
    },
    "is-finite": {
      "version": "1.0.2",
      "resolved": "https://registry.npmjs.org/is-finite/-/is-finite-1.0.2.tgz",
      "integrity": "sha1-zGZ3aVYCvlUO8R6LSqYwU0K20Ko=",
      "requires": {
        "number-is-nan": "1.0.1"
      }
    },
    "is-hexadecimal": {
      "version": "1.0.1",
      "resolved": "https://registry.npmjs.org/is-hexadecimal/-/is-hexadecimal-1.0.1.tgz",
      "integrity": "sha1-bghLvJIGH7sJcexYts5tQE4k2mk="
    },
    "is-plain-obj": {
      "version": "1.1.0",
      "resolved": "https://registry.npmjs.org/is-plain-obj/-/is-plain-obj-1.1.0.tgz",
      "integrity": "sha1-caUMhCnfync8kqOQpKA7OfzVHT4="
    },
    "is-utf8": {
      "version": "0.2.1",
      "resolved": "https://registry.npmjs.org/is-utf8/-/is-utf8-0.2.1.tgz",
      "integrity": "sha1-Sw2hRCEE0bM2NA6AeX6GXPOffXI="
    },
    "is-whitespace-character": {
      "version": "1.0.1",
      "resolved": "https://registry.npmjs.org/is-whitespace-character/-/is-whitespace-character-1.0.1.tgz",
      "integrity": "sha1-muAXbzKCtlRXoZks2whPil+DPjs="
    },
    "is-word-character": {
      "version": "1.0.1",
      "resolved": "https://registry.npmjs.org/is-word-character/-/is-word-character-1.0.1.tgz",
      "integrity": "sha1-WgP6HqkazopusMfNdw64bWXIvvs="
    },
    "is-wsl": {
      "version": "1.1.0",
      "resolved": "https://registry.npmjs.org/is-wsl/-/is-wsl-1.1.0.tgz",
      "integrity": "sha1-HxbkqiKwTRM2tmGIpmrzxgDDpm0="
    },
    "json-diff": {
      "version": "0.5.2",
      "resolved": "https://registry.npmjs.org/json-diff/-/json-diff-0.5.2.tgz",
      "integrity": "sha512-N7oapTQdD4rLMUtA7d1HATCPY/BpHuSNL1mhvIuoS0u5NideDvyR+gB/ntXB7ejFz/LM0XzPLNUJQcC68n5sBw==",
      "requires": {
        "cli-color": "0.1.7",
        "difflib": "0.2.4",
        "dreamopt": "0.6.0"
      }
    },
    "load-json-file": {
      "version": "1.1.0",
      "resolved": "https://registry.npmjs.org/load-json-file/-/load-json-file-1.1.0.tgz",
      "integrity": "sha1-lWkFcI1YtLq0wiYbBPWfMcmTdMA=",
      "requires": {
        "graceful-fs": "4.1.11",
        "parse-json": "2.2.0",
        "pify": "2.3.0",
        "pinkie-promise": "2.0.1",
        "strip-bom": "2.0.0"
      }
    },
    "loud-rejection": {
      "version": "1.6.0",
      "resolved": "https://registry.npmjs.org/loud-rejection/-/loud-rejection-1.6.0.tgz",
      "integrity": "sha1-W0b4AUft7leIcPCG0Eghz5mOVR8=",
      "requires": {
        "currently-unhandled": "0.4.1",
        "signal-exit": "3.0.2"
      }
    },
    "map-obj": {
      "version": "1.0.1",
      "resolved": "https://registry.npmjs.org/map-obj/-/map-obj-1.0.1.tgz",
      "integrity": "sha1-2TPOuSBdgr3PSIb2dCvcK03qFG0="
    },
    "markdown-escapes": {
      "version": "1.0.1",
      "resolved": "https://registry.npmjs.org/markdown-escapes/-/markdown-escapes-1.0.1.tgz",
      "integrity": "sha1-GZTfLTr0gR3lmmcUk0wrIpJzRRg="
    },
    "mdast-util-heading-range": {
      "version": "2.1.0",
      "resolved": "https://registry.npmjs.org/mdast-util-heading-range/-/mdast-util-heading-range-2.1.0.tgz",
      "integrity": "sha1-0Pq3tCYbyg2Al8rebSChcpLrTDQ=",
      "requires": {
        "mdast-util-to-string": "1.0.4"
      }
    },
    "mdast-util-to-string": {
      "version": "1.0.4",
      "resolved": "https://registry.npmjs.org/mdast-util-to-string/-/mdast-util-to-string-1.0.4.tgz",
      "integrity": "sha1-XEVch4yTVfDB5/PotxnPWDaRrPs="
    },
    "meow": {
      "version": "3.7.0",
      "resolved": "https://registry.npmjs.org/meow/-/meow-3.7.0.tgz",
      "integrity": "sha1-cstmi0JSKCkKu/qFaJJYcwioAfs=",
      "requires": {
        "camelcase-keys": "2.1.0",
        "decamelize": "1.2.0",
        "loud-rejection": "1.6.0",
        "map-obj": "1.0.1",
        "minimist": "1.2.0",
        "normalize-package-data": "2.4.0",
        "object-assign": "4.1.1",
        "read-pkg-up": "1.0.1",
        "redent": "1.0.0",
        "trim-newlines": "1.0.0"
      }
    },
    "minimist": {
      "version": "1.2.0",
      "resolved": "https://registry.npmjs.org/minimist/-/minimist-1.2.0.tgz",
      "integrity": "sha1-o1AIsg9BOD7sH7kU9M1d95omQoQ="
    },
    "ms": {
      "version": "2.0.0",
      "resolved": "https://registry.npmjs.org/ms/-/ms-2.0.0.tgz",
      "integrity": "sha1-VgiurfwAvmwpAd9fmGF4jeDVl8g="
    },
    "mz": {
      "version": "2.7.0",
      "resolved": "https://registry.npmjs.org/mz/-/mz-2.7.0.tgz",
      "integrity": "sha512-z81GNO7nnYMEhrGh9LeymoE4+Yr0Wn5McHIZMK5cfQCl+NDX08sCZgUc9/6MHni9IWuFLm1Z3HTCXu2z9fN62Q==",
      "requires": {
        "any-promise": "1.3.0",
        "object-assign": "4.1.1",
        "thenify-all": "1.6.0"
      }
    },
    "normalize-package-data": {
      "version": "2.4.0",
      "resolved": "https://registry.npmjs.org/normalize-package-data/-/normalize-package-data-2.4.0.tgz",
      "integrity": "sha512-9jjUFbTPfEy3R/ad/2oNbKtW9Hgovl5O1FvFWKkKblNXoN/Oou6+9+KKohPK13Yc3/TyunyWhJp6gvRNR/PPAw==",
      "requires": {
        "hosted-git-info": "2.5.0",
        "is-builtin-module": "1.0.0",
        "semver": "5.4.1",
        "validate-npm-package-license": "3.0.1"
      }
    },
    "number-is-nan": {
      "version": "1.0.1",
      "resolved": "https://registry.npmjs.org/number-is-nan/-/number-is-nan-1.0.1.tgz",
      "integrity": "sha1-CXtgK1NCKlIsGvuHkDGDNpQaAR0="
    },
    "object-assign": {
      "version": "4.1.1",
      "resolved": "https://registry.npmjs.org/object-assign/-/object-assign-4.1.1.tgz",
      "integrity": "sha1-IQmtx5ZYh8/AXLvUQsrIv7s2CGM="
    },
    "opn": {
      "version": "5.1.0",
      "resolved": "https://registry.npmjs.org/opn/-/opn-5.1.0.tgz",
      "integrity": "sha512-iPNl7SyM8L30Rm1sjGdLLheyHVw5YXVfi3SKWJzBI7efxRwHojfRFjwE/OLM6qp9xJYMgab8WicTU1cPoY+Hpg==",
      "requires": {
        "is-wsl": "1.1.0"
      }
    },
    "parse-entities": {
      "version": "1.1.1",
      "resolved": "https://registry.npmjs.org/parse-entities/-/parse-entities-1.1.1.tgz",
      "integrity": "sha1-gRLYhHExnyerrk1klksSL+ThuJA=",
      "requires": {
        "character-entities": "1.2.1",
        "character-entities-legacy": "1.1.1",
        "character-reference-invalid": "1.1.1",
        "is-alphanumerical": "1.0.1",
        "is-decimal": "1.0.1",
        "is-hexadecimal": "1.0.1"
      }
    },
    "parse-json": {
      "version": "2.2.0",
      "resolved": "https://registry.npmjs.org/parse-json/-/parse-json-2.2.0.tgz",
      "integrity": "sha1-9ID0BDTvgHQfhGkJn43qGPVaTck=",
      "requires": {
        "error-ex": "1.3.1"
      }
    },
    "path-exists": {
      "version": "2.1.0",
      "resolved": "https://registry.npmjs.org/path-exists/-/path-exists-2.1.0.tgz",
      "integrity": "sha1-D+tsZPD8UY2adU3V77YscCJ2H0s=",
      "requires": {
        "pinkie-promise": "2.0.1"
      }
    },
    "path-type": {
      "version": "1.1.0",
      "resolved": "https://registry.npmjs.org/path-type/-/path-type-1.1.0.tgz",
      "integrity": "sha1-WcRPfuSR2nBNpBXaWkBwuk+P5EE=",
      "requires": {
        "graceful-fs": "4.1.11",
        "pify": "2.3.0",
        "pinkie-promise": "2.0.1"
      }
    },
    "pify": {
      "version": "2.3.0",
      "resolved": "https://registry.npmjs.org/pify/-/pify-2.3.0.tgz",
      "integrity": "sha1-7RQaasBDqEnqWISY59yosVMw6Qw="
    },
    "pinkie": {
      "version": "2.0.4",
      "resolved": "https://registry.npmjs.org/pinkie/-/pinkie-2.0.4.tgz",
      "integrity": "sha1-clVrgM+g1IqXToDnckjoDtT3+HA="
    },
    "pinkie-promise": {
      "version": "2.0.1",
      "resolved": "https://registry.npmjs.org/pinkie-promise/-/pinkie-promise-2.0.1.tgz",
      "integrity": "sha1-ITXW36ejWMBprJsXh3YogihFD/o=",
      "requires": {
        "pinkie": "2.0.4"
      }
    },
    "querystring": {
      "version": "0.2.0",
      "resolved": "https://registry.npmjs.org/querystring/-/querystring-0.2.0.tgz",
      "integrity": "sha1-sgmEkgO7Jd+CDadW50cAWHhSFiA="
    },
    "read-pkg": {
      "version": "1.1.0",
      "resolved": "https://registry.npmjs.org/read-pkg/-/read-pkg-1.1.0.tgz",
      "integrity": "sha1-9f+qXs0pyzHAR0vKfXVra7KePyg=",
      "requires": {
        "load-json-file": "1.1.0",
        "normalize-package-data": "2.4.0",
        "path-type": "1.1.0"
      }
    },
    "read-pkg-up": {
      "version": "1.0.1",
      "resolved": "https://registry.npmjs.org/read-pkg-up/-/read-pkg-up-1.0.1.tgz",
      "integrity": "sha1-nWPBMnbAZZGNV/ACpX9AobZD+wI=",
      "requires": {
        "find-up": "1.1.2",
        "read-pkg": "1.1.0"
      }
    },
    "redent": {
      "version": "1.0.0",
      "resolved": "https://registry.npmjs.org/redent/-/redent-1.0.0.tgz",
      "integrity": "sha1-z5Fqsf1fHxbfsggi3W7H9zDCr94=",
      "requires": {
        "indent-string": "2.1.0",
        "strip-indent": "1.0.1"
      }
    },
    "remark-parse": {
      "version": "4.0.0",
      "resolved": "https://registry.npmjs.org/remark-parse/-/remark-parse-4.0.0.tgz",
      "integrity": "sha512-XZgICP2gJ1MHU7+vQaRM+VA9HEL3X253uwUM/BGgx3iv6TH2B3bF3B8q00DKcyP9YrJV+/7WOWEWBFF/u8cIsw==",
      "requires": {
        "collapse-white-space": "1.0.3",
        "is-alphabetical": "1.0.1",
        "is-decimal": "1.0.1",
        "is-whitespace-character": "1.0.1",
        "is-word-character": "1.0.1",
        "markdown-escapes": "1.0.1",
        "parse-entities": "1.1.1",
        "repeat-string": "1.6.1",
        "state-toggle": "1.0.0",
        "trim": "0.0.1",
        "trim-trailing-lines": "1.1.0",
        "unherit": "1.1.0",
        "unist-util-remove-position": "1.1.1",
        "vfile-location": "2.0.2",
        "xtend": "4.0.1"
      }
    },
    "repeat-string": {
      "version": "1.6.1",
      "resolved": "https://registry.npmjs.org/repeat-string/-/repeat-string-1.6.1.tgz",
      "integrity": "sha1-jcrkcOHIirwtYA//Sndihtp15jc="
    },
    "repeating": {
      "version": "2.0.1",
      "resolved": "https://registry.npmjs.org/repeating/-/repeating-2.0.1.tgz",
      "integrity": "sha1-UhTFOpJtNVJwdSf7q0FdvAjQbdo=",
      "requires": {
        "is-finite": "1.0.2"
      }
    },
    "replace-ext": {
      "version": "1.0.0",
      "resolved": "https://registry.npmjs.org/replace-ext/-/replace-ext-1.0.0.tgz",
      "integrity": "sha1-3mMSg3P8v3w8z6TeWkgMRaZ5WOs="
    },
    "semver": {
      "version": "5.4.1",
      "resolved": "https://registry.npmjs.org/semver/-/semver-5.4.1.tgz",
      "integrity": "sha512-WfG/X9+oATh81XtllIo/I8gOiY9EXRdv1cQdyykeXK17YcUW3EXUAi2To4pcH6nZtJPr7ZOpM5OMyWJZm+8Rsg=="
    },
    "signal-exit": {
      "version": "3.0.2",
      "resolved": "https://registry.npmjs.org/signal-exit/-/signal-exit-3.0.2.tgz",
      "integrity": "sha1-tf3AjxKH6hF4Yo5BXiUTK3NkbG0="
    },
    "spdx-correct": {
      "version": "1.0.2",
      "resolved": "https://registry.npmjs.org/spdx-correct/-/spdx-correct-1.0.2.tgz",
      "integrity": "sha1-SzBz2TP/UfORLwOsVRlJikFQ20A=",
      "requires": {
        "spdx-license-ids": "1.2.2"
      }
    },
    "spdx-expression-parse": {
      "version": "1.0.4",
      "resolved": "https://registry.npmjs.org/spdx-expression-parse/-/spdx-expression-parse-1.0.4.tgz",
      "integrity": "sha1-m98vIOH0DtRH++JzJmGR/O1RYmw="
    },
    "spdx-license-ids": {
      "version": "1.2.2",
      "resolved": "https://registry.npmjs.org/spdx-license-ids/-/spdx-license-ids-1.2.2.tgz",
      "integrity": "sha1-yd96NCRZSt5r0RkA1ZZpbcBrrFc="
    },
    "state-toggle": {
      "version": "1.0.0",
      "resolved": "https://registry.npmjs.org/state-toggle/-/state-toggle-1.0.0.tgz",
      "integrity": "sha1-0g+aYWu08MO5i5GSLSW2QKorxCU="
    },
    "strip-bom": {
      "version": "2.0.0",
      "resolved": "https://registry.npmjs.org/strip-bom/-/strip-bom-2.0.0.tgz",
      "integrity": "sha1-YhmoVhZSBJHzV4i9vxRHqZx+aw4=",
      "requires": {
        "is-utf8": "0.2.1"
      }
    },
    "strip-indent": {
      "version": "1.0.1",
      "resolved": "https://registry.npmjs.org/strip-indent/-/strip-indent-1.0.1.tgz",
      "integrity": "sha1-DHlipq3vp7vUrDZkYKY4VSrhoKI=",
      "requires": {
        "get-stdin": "4.0.1"
      }
    },
    "thenify": {
      "version": "3.3.0",
      "resolved": "https://registry.npmjs.org/thenify/-/thenify-3.3.0.tgz",
      "integrity": "sha1-5p44obq+lpsBCCB5eLn2K4hgSDk=",
      "requires": {
        "any-promise": "1.3.0"
      }
    },
    "thenify-all": {
      "version": "1.6.0",
      "resolved": "https://registry.npmjs.org/thenify-all/-/thenify-all-1.6.0.tgz",
      "integrity": "sha1-GhkY1ALY/D+Y+/I02wvMjMEOlyY=",
      "requires": {
        "thenify": "3.3.0"
      }
    },
    "trim": {
      "version": "0.0.1",
      "resolved": "https://registry.npmjs.org/trim/-/trim-0.0.1.tgz",
      "integrity": "sha1-WFhUf2spB1fulczMZm+1AITEYN0="
    },
    "trim-newlines": {
      "version": "1.0.0",
      "resolved": "https://registry.npmjs.org/trim-newlines/-/trim-newlines-1.0.0.tgz",
      "integrity": "sha1-WIeWa7WCpFA6QetST301ARgVphM="
    },
    "trim-trailing-lines": {
      "version": "1.1.0",
      "resolved": "https://registry.npmjs.org/trim-trailing-lines/-/trim-trailing-lines-1.1.0.tgz",
      "integrity": "sha1-eu+7eAjfnWafbaLkOMrIxGradoQ="
    },
    "trough": {
      "version": "1.0.1",
      "resolved": "https://registry.npmjs.org/trough/-/trough-1.0.1.tgz",
      "integrity": "sha1-qf2LA5Swro//guBjOgo2zK1bX4Y="
    },
    "unherit": {
      "version": "1.1.0",
      "resolved": "https://registry.npmjs.org/unherit/-/unherit-1.1.0.tgz",
      "integrity": "sha1-a5qu379z3xdWrZ4xbdmBiFhAzX0=",
      "requires": {
        "inherits": "2.0.3",
        "xtend": "4.0.1"
      }
    },
    "unified": {
      "version": "6.1.5",
      "resolved": "https://registry.npmjs.org/unified/-/unified-6.1.5.tgz",
      "integrity": "sha1-cWk3hyYhpjE15iztLzrGoGPG+4c=",
      "requires": {
        "bail": "1.0.2",
        "extend": "3.0.1",
        "is-plain-obj": "1.1.0",
        "trough": "1.0.1",
        "vfile": "2.2.0",
        "x-is-function": "1.0.4",
        "x-is-string": "0.1.0"
      }
    },
    "unist-util-position": {
      "version": "3.0.0",
      "resolved": "https://registry.npmjs.org/unist-util-position/-/unist-util-position-3.0.0.tgz",
      "integrity": "sha1-5uHgPu64HF4a/lU+jUrfvXwNj4I="
    },
    "unist-util-remove-position": {
      "version": "1.1.1",
      "resolved": "https://registry.npmjs.org/unist-util-remove-position/-/unist-util-remove-position-1.1.1.tgz",
      "integrity": "sha1-WoXBVV/BugwQG4ZwfRXlD6TIcbs=",
      "requires": {
        "unist-util-visit": "1.1.3"
      }
    },
    "unist-util-stringify-position": {
      "version": "1.1.1",
      "resolved": "https://registry.npmjs.org/unist-util-stringify-position/-/unist-util-stringify-position-1.1.1.tgz",
      "integrity": "sha1-PMvcU2ee7W7PN3fdf14yKcG2qjw="
    },
    "unist-util-visit": {
      "version": "1.1.3",
      "resolved": "https://registry.npmjs.org/unist-util-visit/-/unist-util-visit-1.1.3.tgz",
      "integrity": "sha1-7CaOcxudJ3p5pbWqBkOZDkBdYAs="
    },
    "validate-npm-package-license": {
      "version": "3.0.1",
      "resolved": "https://registry.npmjs.org/validate-npm-package-license/-/validate-npm-package-license-3.0.1.tgz",
      "integrity": "sha1-KAS6vnEq0zeUWaz74kdGqywwP7w=",
      "requires": {
        "spdx-correct": "1.0.2",
        "spdx-expression-parse": "1.0.4"
      }
    },
    "vfile": {
      "version": "2.2.0",
      "resolved": "https://registry.npmjs.org/vfile/-/vfile-2.2.0.tgz",
      "integrity": "sha1-zkek+zNZIrIz5TXbD32BIdj87U4=",
      "requires": {
        "is-buffer": "1.1.6",
        "replace-ext": "1.0.0",
        "unist-util-stringify-position": "1.1.1"
      }
    },
    "vfile-location": {
      "version": "2.0.2",
      "resolved": "https://registry.npmjs.org/vfile-location/-/vfile-location-2.0.2.tgz",
      "integrity": "sha1-02dcWch3SY5JK0dW/2Xkrxp1IlU="
    },
    "wordwrap": {
      "version": "1.0.0",
      "resolved": "https://registry.npmjs.org/wordwrap/-/wordwrap-1.0.0.tgz",
      "integrity": "sha1-J1hIEIkUVqQXHI0CJkQa3pDLyus="
    },
    "x-is-function": {
      "version": "1.0.4",
      "resolved": "https://registry.npmjs.org/x-is-function/-/x-is-function-1.0.4.tgz",
      "integrity": "sha1-XSlNw9Joy90GJYDgxd93o5HR+h4="
    },
    "x-is-string": {
      "version": "0.1.0",
      "resolved": "https://registry.npmjs.org/x-is-string/-/x-is-string-0.1.0.tgz",
      "integrity": "sha1-R0tQhlrzpJqcRlfwWs0UVFj3fYI="
    },
    "xtend": {
      "version": "4.0.1",
      "resolved": "https://registry.npmjs.org/xtend/-/xtend-4.0.1.tgz",
      "integrity": "sha1-pcbVMr5lbiPbgg77lDofBJmNY68="
    }
  }
}
